
Microsoft Visual Studio Solution File, Format Version 12.00
# Visual Studio Version 17
VisualStudioVersion = 17.7.34031.279
MinimumVisualStudioVersion = 10.0.40219.1
Project("{FAE04EC0-301F-11D3-BF4B-00C04F79EFBC}") = "BenchmarkReflection", "BenchmarkReflection\BenchmarkReflection.csproj", "{652293BC-B203-4019-B675-186C0BD8FC4D}"
EndProject
Global
	GlobalSection(SolutionConfigurationPlatforms) = preSolution
		Debug|Any CPU = Debug|Any CPU
		Release|Any CPU = Release|Any CPU
	EndGlobalSection
	GlobalSection(ProjectConfigurationPlatforms) = postSolution
		{652293BC-B203-4019-B675-186C0BD8FC4D}.Debug|Any CPU.ActiveCfg = Debug|Any CPU
		{652293BC-B203-4019-B675-186C0BD8FC4D}.Debug|Any CPU.Build.0 = Debug|Any CPU
		{652293BC-B203-4019-B675-186C0BD8FC4D}.Release|Any CPU.ActiveCfg = Release|Any CPU
		{652293BC-B203-4019-B675-186C0BD8FC4D}.Release|Any CPU.Build.0 = Release|Any CPU
	EndGlobalSection
	GlobalSection(SolutionProperties) = preSolution
		HideSolutionNode = FALSE
	EndGlobalSection
	GlobalSection(ExtensibilityGlobals) = postSolution
		SolutionGuid = {8C424B8C-FA1F-46F9-9FEF-5B05BA26AEC5}
	EndGlobalSection
EndGlobal
